// !$*UTF8*$!
{
	archiveVersion = 1;
	classes = {
	};
	objectVersion = 60;
	objects = {

/* Begin PBXBuildFile section */
		4200C3FB2C55263A00070880 /* resultView.swift in Sources */ = {isa = PBXBuildFile; fileRef = 4200C3FA2C55263A00070880 /* resultView.swift */; };
		423FC3302C0392F7008E3EBD /* Career_appApp.swift in Sources */ = {isa = PBXBuildFile; fileRef = 423FC32F2C0392F7008E3EBD /* Career_appApp.swift */; };
		423FC3342C0392F9008E3EBD /* Assets.xcassets in Resources */ = {isa = PBXBuildFile; fileRef = 423FC3332C0392F9008E3EBD /* Assets.xcassets */; };
		423FC3372C0392F9008E3EBD /* Preview Assets.xcassets in Resources */ = {isa = PBXBuildFile; fileRef = 423FC3362C0392F9008E3EBD /* Preview Assets.xcassets */; };
		4240E7142C3FE57700FBAD4D /* Livvic-Black.ttf in Resources */ = {isa = PBXBuildFile; fileRef = D2D582762C3F3C3A008D12DA /* Livvic-Black.ttf */; };
		4240E7152C3FE57A00FBAD4D /* Livvic-BlackItalic.ttf in Resources */ = {isa = PBXBuildFile; fileRef = D2D582792C3F3C3A008D12DA /* Livvic-BlackItalic.ttf */; };
		4240E7162C3FE58100FBAD4D /* Livvic-Bold.ttf in Resources */ = {isa = PBXBuildFile; fileRef = D2D5827F2C3F3C3A008D12DA /* Livvic-Bold.ttf */; };
		4240E7172C3FE58400FBAD4D /* Livvic-BoldItalic.ttf in Resources */ = {isa = PBXBuildFile; fileRef = D2D5827C2C3F3C3A008D12DA /* Livvic-BoldItalic.ttf */; };
		4240E7182C3FE58700FBAD4D /* Livvic-ExtraLight.ttf in Resources */ = {isa = PBXBuildFile; fileRef = D2D582842C3F3C3B008D12DA /* Livvic-ExtraLight.ttf */; };
		4240E7192C3FE58A00FBAD4D /* Livvic-ExtraLightItalic.ttf in Resources */ = {isa = PBXBuildFile; fileRef = D2D5827D2C3F3C3A008D12DA /* Livvic-ExtraLightItalic.ttf */; };
		4240E71A2C3FE58D00FBAD4D /* Livvic-Italic.ttf in Resources */ = {isa = PBXBuildFile; fileRef = D2D5827A2C3F3C3A008D12DA /* Livvic-Italic.ttf */; };
		4240E71B2C3FE59000FBAD4D /* Livvic-Light.ttf in Resources */ = {isa = PBXBuildFile; fileRef = D2D582782C3F3C3A008D12DA /* Livvic-Light.ttf */; };
		4240E71C2C3FE59200FBAD4D /* Livvic-LightItalic.ttf in Resources */ = {isa = PBXBuildFile; fileRef = D2D582812C3F3C3A008D12DA /* Livvic-LightItalic.ttf */; };
		4240E71D2C3FE59500FBAD4D /* Livvic-Medium.ttf in Resources */ = {isa = PBXBuildFile; fileRef = D2D5827E2C3F3C3A008D12DA /* Livvic-Medium.ttf */; };
		4240E71E2C3FE59800FBAD4D /* Livvic-MediumItalic.ttf in Resources */ = {isa = PBXBuildFile; fileRef = D2D582772C3F3C3A008D12DA /* Livvic-MediumItalic.ttf */; };
		4240E71F2C3FE59B00FBAD4D /* Livvic-Regular.ttf in Resources */ = {isa = PBXBuildFile; fileRef = D2D582832C3F3C3B008D12DA /* Livvic-Regular.ttf */; };
		4240E7202C3FE59F00FBAD4D /* Livvic-SemiBold.ttf in Resources */ = {isa = PBXBuildFile; fileRef = D2D5827B2C3F3C3A008D12DA /* Livvic-SemiBold.ttf */; };
		4240E7212C3FE5A200FBAD4D /* Livvic-SemiBoldItalic.ttf in Resources */ = {isa = PBXBuildFile; fileRef = D2D582752C3F3C3A008D12DA /* Livvic-SemiBoldItalic.ttf */; };
		4240E7222C3FE5A500FBAD4D /* Livvic-Thin.ttf in Resources */ = {isa = PBXBuildFile; fileRef = D2D582822C3F3C3A008D12DA /* Livvic-Thin.ttf */; };
		4240E7232C3FE5A900FBAD4D /* Livvic-ThinItalic.ttf in Resources */ = {isa = PBXBuildFile; fileRef = D2D582802C3F3C3A008D12DA /* Livvic-ThinItalic.ttf */; };
		4240E7242C3FEE5E00FBAD4D /* Career-app-Info.plist in Resources */ = {isa = PBXBuildFile; fileRef = D257B8F02C3EC208001C5F14 /* Career-app-Info.plist */; };
		42CD0D422C03939C0004B48A /* DevView.swift in Sources */ = {isa = PBXBuildFile; fileRef = 42CD0D412C03939C0004B48A /* DevView.swift */; };
		42CD0D442C0394470004B48A /* MainScreenView.swift in Sources */ = {isa = PBXBuildFile; fileRef = 42CD0D432C0394470004B48A /* MainScreenView.swift */; };
		42CD0D462C0394510004B48A /* PersonalView.swift in Sources */ = {isa = PBXBuildFile; fileRef = 42CD0D452C0394510004B48A /* PersonalView.swift */; };
		42CD0D482C0394570004B48A /* SettingsView.swift in Sources */ = {isa = PBXBuildFile; fileRef = 42CD0D472C0394570004B48A /* SettingsView.swift */; };
		42DD19772C7CEC96004057F2 /* Sounds.swift in Sources */ = {isa = PBXBuildFile; fileRef = 42DD19762C7CEC96004057F2 /* Sounds.swift */; };
		42DD197A2C7CED55004057F2 /* bbdd.mp3 in Resources */ = {isa = PBXBuildFile; fileRef = 42DD19792C7CED55004057F2 /* bbdd.mp3 */; };
		42EAE7D12C3F08FB00BD3424 /* Mina-Regular.ttf in Resources */ = {isa = PBXBuildFile; fileRef = D257B8EE2C3EC145001C5F14 /* Mina-Regular.ttf */; };
		42EAE7D22C3F08FF00BD3424 /* Mina-Bold.ttf in Resources */ = {isa = PBXBuildFile; fileRef = D257B8ED2C3EC143001C5F14 /* Mina-Bold.ttf */; };
		D257B8E72C3EBB92001C5F14 /* testView.swift in Sources */ = {isa = PBXBuildFile; fileRef = D257B8E62C3EBB92001C5F14 /* testView.swift */; };
		D2D582862C3F4486008D12DA /* R_testView.swift in Sources */ = {isa = PBXBuildFile; fileRef = D2D582852C3F4486008D12DA /* R_testView.swift */; };
		D2D582882C51157D008D12DA /* I_testView.swift in Sources */ = {isa = PBXBuildFile; fileRef = D2D582872C51157D008D12DA /* I_testView.swift */; };
		D2D5828A2C512478008D12DA /* A_testView.swift in Sources */ = {isa = PBXBuildFile; fileRef = D2D582892C512478008D12DA /* A_testView.swift */; };
		D2D5828C2C514E5A008D12DA /* S_testView.swift in Sources */ = {isa = PBXBuildFile; fileRef = D2D5828B2C514E5A008D12DA /* S_testView.swift */; };
		D2D5828E2C515017008D12DA /* E_testView.swift in Sources */ = {isa = PBXBuildFile; fileRef = D2D5828D2C515017008D12DA /* E_testView.swift */; };
		D2D582902C515041008D12DA /* C_testView.swift in Sources */ = {isa = PBXBuildFile; fileRef = D2D5828F2C515041008D12DA /* C_testView.swift */; };
/* End PBXBuildFile section */

/* Begin PBXFileReference section */
		4200C3FA2C55263A00070880 /* resultView.swift */ = {isa = PBXFileReference; lastKnownFileType = sourcecode.swift; path = resultView.swift; sourceTree = "<group>"; };
		423FC32C2C0392F7008E3EBD /* Career_app.app */ = {isa = PBXFileReference; explicitFileType = wrapper.application; includeInIndex = 0; path = Career_app.app; sourceTree = BUILT_PRODUCTS_DIR; };
		423FC32F2C0392F7008E3EBD /* Career_appApp.swift */ = {isa = PBXFileReference; lastKnownFileType = sourcecode.swift; path = Career_appApp.swift; sourceTree = "<group>"; };
		423FC3332C0392F9008E3EBD /* Assets.xcassets */ = {isa = PBXFileReference; lastKnownFileType = folder.assetcatalog; path = Assets.xcassets; sourceTree = "<group>"; };
		423FC3362C0392F9008E3EBD /* Preview Assets.xcassets */ = {isa = PBXFileReference; lastKnownFileType = folder.assetcatalog; path = "Preview Assets.xcassets"; sourceTree = "<group>"; };
		42CD0D412C03939C0004B48A /* DevView.swift */ = {isa = PBXFileReference; fileEncoding = 4; lastKnownFileType = sourcecode.swift; path = DevView.swift; sourceTree = "<group>"; };
		42CD0D432C0394470004B48A /* MainScreenView.swift */ = {isa = PBXFileReference; fileEncoding = 4; lastKnownFileType = sourcecode.swift; path = MainScreenView.swift; sourceTree = "<group>"; };
		42CD0D452C0394510004B48A /* PersonalView.swift */ = {isa = PBXFileReference; fileEncoding = 4; lastKnownFileType = sourcecode.swift; path = PersonalView.swift; sourceTree = "<group>"; };
		42CD0D472C0394570004B48A /* SettingsView.swift */ = {isa = PBXFileReference; fileEncoding = 4; lastKnownFileType = sourcecode.swift; path = SettingsView.swift; sourceTree = "<group>"; };
		42DD19762C7CEC96004057F2 /* Sounds.swift */ = {isa = PBXFileReference; lastKnownFileType = sourcecode.swift; path = Sounds.swift; sourceTree = "<group>"; };
		42DD19792C7CED55004057F2 /* bbdd.mp3 */ = {isa = PBXFileReference; lastKnownFileType = audio.mp3; path = bbdd.mp3; sourceTree = "<group>"; };
		D257B8E62C3EBB92001C5F14 /* testView.swift */ = {isa = PBXFileReference; lastKnownFileType = sourcecode.swift; path = testView.swift; sourceTree = "<group>"; };
		D257B8ED2C3EC143001C5F14 /* Mina-Bold.ttf */ = {isa = PBXFileReference; lastKnownFileType = file; path = "Mina-Bold.ttf"; sourceTree = "<group>"; };
		D257B8EE2C3EC145001C5F14 /* Mina-Regular.ttf */ = {isa = PBXFileReference; lastKnownFileType = file; path = "Mina-Regular.ttf"; sourceTree = "<group>"; };
		D257B8F02C3EC208001C5F14 /* Career-app-Info.plist */ = {isa = PBXFileReference; lastKnownFileType = text.plist; path = "Career-app-Info.plist"; sourceTree = SOURCE_ROOT; };
		D2D582752C3F3C3A008D12DA /* Livvic-SemiBoldItalic.ttf */ = {isa = PBXFileReference; lastKnownFileType = file; path = "Livvic-SemiBoldItalic.ttf"; sourceTree = "<group>"; };
		D2D582762C3F3C3A008D12DA /* Livvic-Black.ttf */ = {isa = PBXFileReference; lastKnownFileType = file; path = "Livvic-Black.ttf"; sourceTree = "<group>"; };
		D2D582772C3F3C3A008D12DA /* Livvic-MediumItalic.ttf */ = {isa = PBXFileReference; lastKnownFileType = file; path = "Livvic-MediumItalic.ttf"; sourceTree = "<group>"; };
		D2D582782C3F3C3A008D12DA /* Livvic-Light.ttf */ = {isa = PBXFileReference; lastKnownFileType = file; path = "Livvic-Light.ttf"; sourceTree = "<group>"; };
		D2D582792C3F3C3A008D12DA /* Livvic-BlackItalic.ttf */ = {isa = PBXFileReference; lastKnownFileType = file; path = "Livvic-BlackItalic.ttf"; sourceTree = "<group>"; };
		D2D5827A2C3F3C3A008D12DA /* Livvic-Italic.ttf */ = {isa = PBXFileReference; lastKnownFileType = file; path = "Livvic-Italic.ttf"; sourceTree = "<group>"; };
		D2D5827B2C3F3C3A008D12DA /* Livvic-SemiBold.ttf */ = {isa = PBXFileReference; lastKnownFileType = file; path = "Livvic-SemiBold.ttf"; sourceTree = "<group>"; };
		D2D5827C2C3F3C3A008D12DA /* Livvic-BoldItalic.ttf */ = {isa = PBXFileReference; lastKnownFileType = file; path = "Livvic-BoldItalic.ttf"; sourceTree = "<group>"; };
		D2D5827D2C3F3C3A008D12DA /* Livvic-ExtraLightItalic.ttf */ = {isa = PBXFileReference; lastKnownFileType = file; path = "Livvic-ExtraLightItalic.ttf"; sourceTree = "<group>"; };
		D2D5827E2C3F3C3A008D12DA /* Livvic-Medium.ttf */ = {isa = PBXFileReference; lastKnownFileType = file; path = "Livvic-Medium.ttf"; sourceTree = "<group>"; };
		D2D5827F2C3F3C3A008D12DA /* Livvic-Bold.ttf */ = {isa = PBXFileReference; lastKnownFileType = file; path = "Livvic-Bold.ttf"; sourceTree = "<group>"; };
		D2D582802C3F3C3A008D12DA /* Livvic-ThinItalic.ttf */ = {isa = PBXFileReference; lastKnownFileType = file; path = "Livvic-ThinItalic.ttf"; sourceTree = "<group>"; };
		D2D582812C3F3C3A008D12DA /* Livvic-LightItalic.ttf */ = {isa = PBXFileReference; lastKnownFileType = file; path = "Livvic-LightItalic.ttf"; sourceTree = "<group>"; };
		D2D582822C3F3C3A008D12DA /* Livvic-Thin.ttf */ = {isa = PBXFileReference; lastKnownFileType = file; path = "Livvic-Thin.ttf"; sourceTree = "<group>"; };
		D2D582832C3F3C3B008D12DA /* Livvic-Regular.ttf */ = {isa = PBXFileReference; lastKnownFileType = file; path = "Livvic-Regular.ttf"; sourceTree = "<group>"; };
		D2D582842C3F3C3B008D12DA /* Livvic-ExtraLight.ttf */ = {isa = PBXFileReference; lastKnownFileType = file; path = "Livvic-ExtraLight.ttf"; sourceTree = "<group>"; };
		D2D582852C3F4486008D12DA /* R_testView.swift */ = {isa = PBXFileReference; lastKnownFileType = sourcecode.swift; path = R_testView.swift; sourceTree = "<group>"; };
		D2D582872C51157D008D12DA /* I_testView.swift */ = {isa = PBXFileReference; lastKnownFileType = sourcecode.swift; path = I_testView.swift; sourceTree = "<group>"; };
		D2D582892C512478008D12DA /* A_testView.swift */ = {isa = PBXFileReference; lastKnownFileType = sourcecode.swift; path = A_testView.swift; sourceTree = "<group>"; };
		D2D5828B2C514E5A008D12DA /* S_testView.swift */ = {isa = PBXFileReference; lastKnownFileType = sourcecode.swift; path = S_testView.swift; sourceTree = "<group>"; };
		D2D5828D2C515017008D12DA /* E_testView.swift */ = {isa = PBXFileReference; lastKnownFileType = sourcecode.swift; path = E_testView.swift; sourceTree = "<group>"; };
		D2D5828F2C515041008D12DA /* C_testView.swift */ = {isa = PBXFileReference; lastKnownFileType = sourcecode.swift; path = C_testView.swift; sourceTree = "<group>"; };
/* End PBXFileReference section */

/* Begin PBXFrameworksBuildPhase section */
		423FC3292C0392F7008E3EBD /* Frameworks */ = {
			isa = PBXFrameworksBuildPhase;
			buildActionMask = 2147483647;
			files = (
			);
			runOnlyForDeploymentPostprocessing = 0;
		};
/* End PBXFrameworksBuildPhase section */

/* Begin PBXGroup section */
		4209F5D32C53C7780095646E /* testview */ = {
			isa = PBXGroup;
			children = (
				D2D582852C3F4486008D12DA /* R_testView.swift */,
				D2D582872C51157D008D12DA /* I_testView.swift */,
				D2D582892C512478008D12DA /* A_testView.swift */,
				D2D5828B2C514E5A008D12DA /* S_testView.swift */,
				D2D5828D2C515017008D12DA /* E_testView.swift */,
				D2D5828F2C515041008D12DA /* C_testView.swift */,
				4200C3FA2C55263A00070880 /* resultView.swift */,
			);
			path = testview;
			sourceTree = "<group>";
		};
		423FC3232C0392F7008E3EBD = {
			isa = PBXGroup;
			children = (
				423FC32E2C0392F7008E3EBD /* Career_app */,
				423FC32D2C0392F7008E3EBD /* Products */,
			);
			sourceTree = "<group>";
		};
		423FC32D2C0392F7008E3EBD /* Products */ = {
			isa = PBXGroup;
			children = (
				423FC32C2C0392F7008E3EBD /* Career_app.app */,
			);
			name = Products;
			sourceTree = "<group>";
		};
		423FC32E2C0392F7008E3EBD /* Career_app */ = {
			isa = PBXGroup;
			children = (
				D257B8F02C3EC208001C5F14 /* Career-app-Info.plist */,
				423FC32F2C0392F7008E3EBD /* Career_appApp.swift */,
				42CD0D432C0394470004B48A /* MainScreenView.swift */,
				42DD19762C7CEC96004057F2 /* Sounds.swift */,
				42DD19782C7CECA7004057F2 /* Sounds */,
				D257B8E62C3EBB92001C5F14 /* testView.swift */,
				4209F5D32C53C7780095646E /* testview */,
				42CD0D452C0394510004B48A /* PersonalView.swift */,
				42CD0D472C0394570004B48A /* SettingsView.swift */,
				42CD0D412C03939C0004B48A /* DevView.swift */,
				423FC3332C0392F9008E3EBD /* Assets.xcassets */,
				423FC3352C0392F9008E3EBD /* Preview Content */,
				D257B8EC2C3EC11C001C5F14 /* Fonts */,
			);
			path = Career_app;
			sourceTree = "<group>";
		};
		423FC3352C0392F9008E3EBD /* Preview Content */ = {
			isa = PBXGroup;
			children = (
				423FC3362C0392F9008E3EBD /* Preview Assets.xcassets */,
			);
			path = "Preview Content";
			sourceTree = "<group>";
		};
		42DD19782C7CECA7004057F2 /* Sounds */ = {
			isa = PBXGroup;
			children = (
				42DD19792C7CED55004057F2 /* bbdd.mp3 */,
			);
			path = Sounds;
			sourceTree = "<group>";
		};
		D257B8EC2C3EC11C001C5F14 /* Fonts */ = {
			isa = PBXGroup;
			children = (
				D2D582742C3F3C3A008D12DA /* livic */,
				D2D582732C3F3C0C008D12DA /* New Group */,
			);
			path = Fonts;
			sourceTree = "<group>";
		};
		D2D582732C3F3C0C008D12DA /* New Group */ = {
			isa = PBXGroup;
			children = (
				D257B8EE2C3EC145001C5F14 /* Mina-Regular.ttf */,
				D257B8ED2C3EC143001C5F14 /* Mina-Bold.ttf */,
			);
			path = "New Group";
			sourceTree = "<group>";
		};
		D2D582742C3F3C3A008D12DA /* livic */ = {
			isa = PBXGroup;
			children = (
				D2D582762C3F3C3A008D12DA /* Livvic-Black.ttf */,
				D2D582792C3F3C3A008D12DA /* Livvic-BlackItalic.ttf */,
				D2D5827F2C3F3C3A008D12DA /* Livvic-Bold.ttf */,
				D2D5827C2C3F3C3A008D12DA /* Livvic-BoldItalic.ttf */,
				D2D582842C3F3C3B008D12DA /* Livvic-ExtraLight.ttf */,
				D2D5827D2C3F3C3A008D12DA /* Livvic-ExtraLightItalic.ttf */,
				D2D5827A2C3F3C3A008D12DA /* Livvic-Italic.ttf */,
				D2D582782C3F3C3A008D12DA /* Livvic-Light.ttf */,
				D2D582812C3F3C3A008D12DA /* Livvic-LightItalic.ttf */,
				D2D5827E2C3F3C3A008D12DA /* Livvic-Medium.ttf */,
				D2D582772C3F3C3A008D12DA /* Livvic-MediumItalic.ttf */,
				D2D582832C3F3C3B008D12DA /* Livvic-Regular.ttf */,
				D2D5827B2C3F3C3A008D12DA /* Livvic-SemiBold.ttf */,
				D2D582752C3F3C3A008D12DA /* Livvic-SemiBoldItalic.ttf */,
				D2D582822C3F3C3A008D12DA /* Livvic-Thin.ttf */,
				D2D582802C3F3C3A008D12DA /* Livvic-ThinItalic.ttf */,
			);
			path = livic;
			sourceTree = "<group>";
		};
/* End PBXGroup section */

/* Begin PBXNativeTarget section */
		423FC32B2C0392F7008E3EBD /* Career_app */ = {
			isa = PBXNativeTarget;
			buildConfigurationList = 423FC33A2C0392F9008E3EBD /* Build configuration list for PBXNativeTarget "Career_app" */;
			buildPhases = (
				423FC3282C0392F7008E3EBD /* Sources */,
				423FC3292C0392F7008E3EBD /* Frameworks */,
				423FC32A2C0392F7008E3EBD /* Resources */,
			);
			buildRules = (
			);
			dependencies = (
			);
			name = Career_app;
			productName = Career_app;
			productReference = 423FC32C2C0392F7008E3EBD /* Career_app.app */;
			productType = "com.apple.product-type.application";
		};
/* End PBXNativeTarget section */

/* Begin PBXProject section */
		423FC3242C0392F7008E3EBD /* Project object */ = {
			isa = PBXProject;
			attributes = {
				BuildIndependentTargetsInParallel = 1;
				LastSwiftUpdateCheck = 1540;
				LastUpgradeCheck = 1540;
				TargetAttributes = {
					423FC32B2C0392F7008E3EBD = {
						CreatedOnToolsVersion = 15.4;
					};
				};
			};
			buildConfigurationList = 423FC3272C0392F7008E3EBD /* Build configuration list for PBXProject "Career_app" */;
			compatibilityVersion = "Xcode 15.0";
			developmentRegion = en;
			hasScannedForEncodings = 0;
			knownRegions = (
				en,
				Base,
			);
			mainGroup = 423FC3232C0392F7008E3EBD;
			productRefGroup = 423FC32D2C0392F7008E3EBD /* Products */;
			projectDirPath = "";
			projectRoot = "";
			targets = (
				423FC32B2C0392F7008E3EBD /* Career_app */,
			);
		};
/* End PBXProject section */

/* Begin PBXResourcesBuildPhase section */
		423FC32A2C0392F7008E3EBD /* Resources */ = {
			isa = PBXResourcesBuildPhase;
			buildActionMask = 2147483647;
			files = (
				4240E7242C3FEE5E00FBAD4D /* Career-app-Info.plist in Resources */,
				4240E71D2C3FE59500FBAD4D /* Livvic-Medium.ttf in Resources */,
				4240E7142C3FE57700FBAD4D /* Livvic-Black.ttf in Resources */,
				4240E7212C3FE5A200FBAD4D /* Livvic-SemiBoldItalic.ttf in Resources */,
				4240E7202C3FE59F00FBAD4D /* Livvic-SemiBold.ttf in Resources */,
				4240E7192C3FE58A00FBAD4D /* Livvic-ExtraLightItalic.ttf in Resources */,
				4240E71B2C3FE59000FBAD4D /* Livvic-Light.ttf in Resources */,
				4240E7162C3FE58100FBAD4D /* Livvic-Bold.ttf in Resources */,
				4240E7172C3FE58400FBAD4D /* Livvic-BoldItalic.ttf in Resources */,
				4240E7222C3FE5A500FBAD4D /* Livvic-Thin.ttf in Resources */,
				4240E71E2C3FE59800FBAD4D /* Livvic-MediumItalic.ttf in Resources */,
				4240E71C2C3FE59200FBAD4D /* Livvic-LightItalic.ttf in Resources */,
				42EAE7D22C3F08FF00BD3424 /* Mina-Bold.ttf in Resources */,
				4240E7232C3FE5A900FBAD4D /* Livvic-ThinItalic.ttf in Resources */,
				42EAE7D12C3F08FB00BD3424 /* Mina-Regular.ttf in Resources */,
				4240E71F2C3FE59B00FBAD4D /* Livvic-Regular.ttf in Resources */,
				4240E71A2C3FE58D00FBAD4D /* Livvic-Italic.ttf in Resources */,
				4240E7152C3FE57A00FBAD4D /* Livvic-BlackItalic.ttf in Resources */,
				4240E7182C3FE58700FBAD4D /* Livvic-ExtraLight.ttf in Resources */,
				423FC3372C0392F9008E3EBD /* Preview Assets.xcassets in Resources */,
				423FC3342C0392F9008E3EBD /* Assets.xcassets in Resources */,
				42DD197A2C7CED55004057F2 /* bbdd.mp3 in Resources */,
			);
			runOnlyForDeploymentPostprocessing = 0;
		};
/* End PBXResourcesBuildPhase section */

/* Begin PBXSourcesBuildPhase section */
		423FC3282C0392F7008E3EBD /* Sources */ = {
			isa = PBXSourcesBuildPhase;
			buildActionMask = 2147483647;
			files = (
				42CD0D482C0394570004B48A /* SettingsView.swift in Sources */,
				42CD0D462C0394510004B48A /* PersonalView.swift in Sources */,
				D257B8E72C3EBB92001C5F14 /* testView.swift in Sources */,
				D2D582862C3F4486008D12DA /* R_testView.swift in Sources */,
				42CD0D422C03939C0004B48A /* DevView.swift in Sources */,
				42CD0D442C0394470004B48A /* MainScreenView.swift in Sources */,
				4200C3FB2C55263A00070880 /* resultView.swift in Sources */,
				D2D5828C2C514E5A008D12DA /* S_testView.swift in Sources */,
				D2D5828E2C515017008D12DA /* E_testView.swift in Sources */,
				D2D582902C515041008D12DA /* C_testView.swift in Sources */,
				D2D582882C51157D008D12DA /* I_testView.swift in Sources */,
				42DD19772C7CEC96004057F2 /* Sounds.swift in Sources */,
				D2D5828A2C512478008D12DA /* A_testView.swift in Sources */,
				423FC3302C0392F7008E3EBD /* Career_appApp.swift in Sources */,
			);
			runOnlyForDeploymentPostprocessing = 0;
		};
/* End PBXSourcesBuildPhase section */

/* Begin XCBuildConfiguration section */
		423FC3382C0392F9008E3EBD /* Debug */ = {
			isa = XCBuildConfiguration;
			buildSettings = {
				ALWAYS_SEARCH_USER_PATHS = NO;
				ASSETCATALOG_COMPILER_GENERATE_SWIFT_ASSET_SYMBOL_EXTENSIONS = YES;
				CLANG_ANALYZER_NONNULL = YES;
				CLANG_ANALYZER_NUMBER_OBJECT_CONVERSION = YES_AGGRESSIVE;
				CLANG_CXX_LANGUAGE_STANDARD = "gnu++20";
				CLANG_ENABLE_MODULES = YES;
				CLANG_ENABLE_OBJC_ARC = YES;
				CLANG_ENABLE_OBJC_WEAK = YES;
				CLANG_WARN_BLOCK_CAPTURE_AUTORELEASING = YES;
				CLANG_WARN_BOOL_CONVERSION = YES;
				CLANG_WARN_COMMA = YES;
				CLANG_WARN_CONSTANT_CONVERSION = YES;
				CLANG_WARN_DEPRECATED_OBJC_IMPLEMENTATIONS = YES;
				CLANG_WARN_DIRECT_OBJC_ISA_USAGE = YES_ERROR;
				CLANG_WARN_DOCUMENTATION_COMMENTS = YES;
				CLANG_WARN_EMPTY_BODY = YES;
				CLANG_WARN_ENUM_CONVERSION = YES;
				CLANG_WARN_INFINITE_RECURSION = YES;
				CLANG_WARN_INT_CONVERSION = YES;
				CLANG_WARN_NON_LITERAL_NULL_CONVERSION = YES;
				CLANG_WARN_OBJC_IMPLICIT_RETAIN_SELF = YES;
				CLANG_WARN_OBJC_LITERAL_CONVERSION = YES;
				CLANG_WARN_OBJC_ROOT_CLASS = YES_ERROR;
				CLANG_WARN_QUOTED_INCLUDE_IN_FRAMEWORK_HEADER = YES;
				CLANG_WARN_RANGE_LOOP_ANALYSIS = YES;
				CLANG_WARN_STRICT_PROTOTYPES = YES;
				CLANG_WARN_SUSPICIOUS_MOVE = YES;
				CLANG_WARN_UNGUARDED_AVAILABILITY = YES_AGGRESSIVE;
				CLANG_WARN_UNREACHABLE_CODE = YES;
				CLANG_WARN__DUPLICATE_METHOD_MATCH = YES;
				COPY_PHASE_STRIP = NO;
				DEBUG_INFORMATION_FORMAT = dwarf;
				ENABLE_STRICT_OBJC_MSGSEND = YES;
				ENABLE_TESTABILITY = YES;
				ENABLE_USER_SCRIPT_SANDBOXING = YES;
				GCC_C_LANGUAGE_STANDARD = gnu17;
				GCC_DYNAMIC_NO_PIC = NO;
				GCC_NO_COMMON_BLOCKS = YES;
				GCC_OPTIMIZATION_LEVEL = 0;
				GCC_PREPROCESSOR_DEFINITIONS = (
					"DEBUG=1",
					"$(inherited)",
				);
				GCC_WARN_64_TO_32_BIT_CONVERSION = YES;
				GCC_WARN_ABOUT_RETURN_TYPE = YES_ERROR;
				GCC_WARN_UNDECLARED_SELECTOR = YES;
				GCC_WARN_UNINITIALIZED_AUTOS = YES_AGGRESSIVE;
				GCC_WARN_UNUSED_FUNCTION = YES;
				GCC_WARN_UNUSED_VARIABLE = YES;
				IPHONEOS_DEPLOYMENT_TARGET = 17.5;
				LOCALIZATION_PREFERS_STRING_CATALOGS = YES;
				MTL_ENABLE_DEBUG_INFO = INCLUDE_SOURCE;
				MTL_FAST_MATH = YES;
				ONLY_ACTIVE_ARCH = YES;
				SDKROOT = iphoneos;
				SWIFT_ACTIVE_COMPILATION_CONDITIONS = "DEBUG $(inherited)";
				SWIFT_OPTIMIZATION_LEVEL = "-Onone";
			};
			name = Debug;
		};
		423FC3392C0392F9008E3EBD /* Release */ = {
			isa = XCBuildConfiguration;
			buildSettings = {
				ALWAYS_SEARCH_USER_PATHS = NO;
				ASSETCATALOG_COMPILER_GENERATE_SWIFT_ASSET_SYMBOL_EXTENSIONS = YES;
				CLANG_ANALYZER_NONNULL = YES;
				CLANG_ANALYZER_NUMBER_OBJECT_CONVERSION = YES_AGGRESSIVE;
				CLANG_CXX_LANGUAGE_STANDARD = "gnu++20";
				CLANG_ENABLE_MODULES = YES;
				CLANG_ENABLE_OBJC_ARC = YES;
				CLANG_ENABLE_OBJC_WEAK = YES;
				CLANG_WARN_BLOCK_CAPTURE_AUTORELEASING = YES;
				CLANG_WARN_BOOL_CONVERSION = YES;
				CLANG_WARN_COMMA = YES;
				CLANG_WARN_CONSTANT_CONVERSION = YES;
				CLANG_WARN_DEPRECATED_OBJC_IMPLEMENTATIONS = YES;
				CLANG_WARN_DIRECT_OBJC_ISA_USAGE = YES_ERROR;
				CLANG_WARN_DOCUMENTATION_COMMENTS = YES;
				CLANG_WARN_EMPTY_BODY = YES;
				CLANG_WARN_ENUM_CONVERSION = YES;
				CLANG_WARN_INFINITE_RECURSION = YES;
				CLANG_WARN_INT_CONVERSION = YES;
				CLANG_WARN_NON_LITERAL_NULL_CONVERSION = YES;
				CLANG_WARN_OBJC_IMPLICIT_RETAIN_SELF = YES;
				CLANG_WARN_OBJC_LITERAL_CONVERSION = YES;
				CLANG_WARN_OBJC_ROOT_CLASS = YES_ERROR;
				CLANG_WARN_QUOTED_INCLUDE_IN_FRAMEWORK_HEADER = YES;
				CLANG_WARN_RANGE_LOOP_ANALYSIS = YES;
				CLANG_WARN_STRICT_PROTOTYPES = YES;
				CLANG_WARN_SUSPICIOUS_MOVE = YES;
				CLANG_WARN_UNGUARDED_AVAILABILITY = YES_AGGRESSIVE;
				CLANG_WARN_UNREACHABLE_CODE = YES;
				CLANG_WARN__DUPLICATE_METHOD_MATCH = YES;
				COPY_PHASE_STRIP = NO;
				DEBUG_INFORMATION_FORMAT = "dwarf-with-dsym";
				ENABLE_NS_ASSERTIONS = NO;
				ENABLE_STRICT_OBJC_MSGSEND = YES;
				ENABLE_USER_SCRIPT_SANDBOXING = YES;
				GCC_C_LANGUAGE_STANDARD = gnu17;
				GCC_NO_COMMON_BLOCKS = YES;
				GCC_WARN_64_TO_32_BIT_CONVERSION = YES;
				GCC_WARN_ABOUT_RETURN_TYPE = YES_ERROR;
				GCC_WARN_UNDECLARED_SELECTOR = YES;
				GCC_WARN_UNINITIALIZED_AUTOS = YES_AGGRESSIVE;
				GCC_WARN_UNUSED_FUNCTION = YES;
				GCC_WARN_UNUSED_VARIABLE = YES;
				IPHONEOS_DEPLOYMENT_TARGET = 17.5;
				LOCALIZATION_PREFERS_STRING_CATALOGS = YES;
				MTL_ENABLE_DEBUG_INFO = NO;
				MTL_FAST_MATH = YES;
				SDKROOT = iphoneos;
				SWIFT_COMPILATION_MODE = wholemodule;
				VALIDATE_PRODUCT = YES;
			};
			name = Release;
		};
		423FC33B2C0392F9008E3EBD /* Debug */ = {
			isa = XCBuildConfiguration;
			buildSettings = {
				ASSETCATALOG_COMPILER_APPICON_NAME = AppIcon;
				ASSETCATALOG_COMPILER_GLOBAL_ACCENT_COLOR_NAME = AccentColor;
				CODE_SIGN_STYLE = Automatic;
				CURRENT_PROJECT_VERSION = 1;
				DEVELOPMENT_ASSET_PATHS = "\"Career_app/Preview Content\"";
				DEVELOPMENT_TEAM = H87V45VPLJ;
				ENABLE_PREVIEWS = YES;
				GENERATE_INFOPLIST_FILE = YES;
				INFOPLIST_FILE = "Career-app-Info.plist";
				INFOPLIST_KEY_UIApplicationSceneManifest_Generation = YES;
				INFOPLIST_KEY_UIApplicationSupportsIndirectInputEvents = YES;
				INFOPLIST_KEY_UISupportedInterfaceOrientations_iPad = "UIInterfaceOrientationPortrait UIInterfaceOrientationPortraitUpsideDown UIInterfaceOrientationLandscapeLeft UIInterfaceOrientationLandscapeRight";
				INFOPLIST_KEY_UISupportedInterfaceOrientations_iPhone = UIInterfaceOrientationPortrait;
				LD_RUNPATH_SEARCH_PATHS = (
					"$(inherited)",
					"@executable_path/Frameworks",
				);
				MARKETING_VERSION = 1.0;
				PRODUCT_BUNDLE_IDENTIFIER = "com.Simon.Career-app";
				PRODUCT_NAME = "$(TARGET_NAME)";
				SUPPORTED_PLATFORMS = "iphoneos iphonesimulator";
				SUPPORTS_MACCATALYST = NO;
				SUPPORTS_MAC_DESIGNED_FOR_IPHONE_IPAD = NO;
				SUPPORTS_XR_DESIGNED_FOR_IPHONE_IPAD = NO;
				SWIFT_EMIT_LOC_STRINGS = YES;
				SWIFT_VERSION = 5.0;
				TARGETED_DEVICE_FAMILY = "1,2";
			};
			name = Debug;
		};
		423FC33C2C0392F9008E3EBD /* Release */ = {
			isa = XCBuildConfiguration;
			buildSettings = {
				ASSETCATALOG_COMPILER_APPICON_NAME = AppIcon;
				ASSETCATALOG_COMPILER_GLOBAL_ACCENT_COLOR_NAME = AccentColor;
				CODE_SIGN_STYLE = Automatic;
				CURRENT_PROJECT_VERSION = 1;
				DEVELOPMENT_ASSET_PATHS = "\"Career_app/Preview Content\"";
				DEVELOPMENT_TEAM = H87V45VPLJ;
				ENABLE_PREVIEWS = YES;
				GENERATE_INFOPLIST_FILE = YES;
				INFOPLIST_FILE = "Career-app-Info.plist";
				INFOPLIST_KEY_UIApplicationSceneManifest_Generation = YES;
				INFOPLIST_KEY_UIApplicationSupportsIndirectInputEvents = YES;
				INFOPLIST_KEY_UISupportedInterfaceOrientations_iPad = "UIInterfaceOrientationPortrait UIInterfaceOrientationPortraitUpsideDown UIInterfaceOrientationLandscapeLeft UIInterfaceOrientationLandscapeRight";
				INFOPLIST_KEY_UISupportedInterfaceOrientations_iPhone = UIInterfaceOrientationPortrait;
				LD_RUNPATH_SEARCH_PATHS = (
					"$(inherited)",
					"@executable_path/Frameworks",
				);
				MARKETING_VERSION = 1.0;
				PRODUCT_BUNDLE_IDENTIFIER = "com.Simon.Career-app";
				PRODUCT_NAME = "$(TARGET_NAME)";
				SUPPORTED_PLATFORMS = "iphoneos iphonesimulator";
				SUPPORTS_MACCATALYST = NO;
				SUPPORTS_MAC_DESIGNED_FOR_IPHONE_IPAD = NO;
				SUPPORTS_XR_DESIGNED_FOR_IPHONE_IPAD = NO;
				SWIFT_EMIT_LOC_STRINGS = YES;
				SWIFT_VERSION = 5.0;
				TARGETED_DEVICE_FAMILY = "1,2";
			};
			name = Release;
		};
/* End XCBuildConfiguration section */

/* Begin XCConfigurationList section */
		423FC3272C0392F7008E3EBD /* Build configuration list for PBXProject "Career_app" */ = {
			isa = XCConfigurationList;
			buildConfigurations = (
				423FC3382C0392F9008E3EBD /* Debug */,
				423FC3392C0392F9008E3EBD /* Release */,
			);
			defaultConfigurationIsVisible = 0;
			defaultConfigurationName = Release;
		};
		423FC33A2C0392F9008E3EBD /* Build configuration list for PBXNativeTarget "Career_app" */ = {
			isa = XCConfigurationList;
			buildConfigurations = (
				423FC33B2C0392F9008E3EBD /* Debug */,
				423FC33C2C0392F9008E3EBD /* Release */,
			);
			defaultConfigurationIsVisible = 0;
			defaultConfigurationName = Release;
		};
/* End XCConfigurationList section */
	};
	rootObject = 423FC3242C0392F7008E3EBD /* Project object */;
}
